
Microsoft Visual Studio Solution File, Format Version 12.00
# Visual Studio Version 17
VisualStudioVersion = 17.7.34221.43
MinimumVisualStudioVersion = 10.0.40219.1
Project("{FAE04EC0-301F-11D3-BF4B-00C04F79EFBC}") = "ConsoleApp2", "ConsoleApp2\ConsoleApp2.csproj", "{45942044-0374-4B9F-BE31-8E26556A779A}"
EndProject
Global
	GlobalSection(SolutionConfigurationPlatforms) = preSolution
		Debug|Any CPU = Debug|Any CPU
		Release|Any CPU = Release|Any CPU
	EndGlobalSection
	GlobalSection(ProjectConfigurationPlatforms) = postSolution
		{45942044-0374-4B9F-BE31-8E26556A779A}.Debug|Any CPU.ActiveCfg = Debug|Any CPU
		{45942044-0374-4B9F-BE31-8E26556A779A}.Debug|Any CPU.Build.0 = Debug|Any CPU
		{45942044-0374-4B9F-BE31-8E26556A779A}.Release|Any CPU.ActiveCfg = Release|Any CPU
		{45942044-0374-4B9F-BE31-8E26556A779A}.Release|Any CPU.Build.0 = Release|Any CPU
	EndGlobalSection
	GlobalSection(SolutionProperties) = preSolution
		HideSolutionNode = FALSE
	EndGlobalSection
	GlobalSection(ExtensibilityGlobals) = postSolution
		SolutionGuid = {D73EE24A-5AB3-4657-ACE6-4DB3E79B5E28}
	EndGlobalSection
EndGlobal
